
Microsoft Visual Studio Solution File, Format Version 12.00
# Visual Studio Version 16
VisualStudioVersion = 16.0.31702.278
MinimumVisualStudioVersion = 10.0.40219.1
Project("{FAE04EC0-301F-11D3-BF4B-00C04F79EFBC}") = "Rubik_s Cube", "Rubik_s Cube.csproj", "{AD472178-29BE-46D3-9C64-68DEEBD25280}"
EndProject
Global
	GlobalSection(SolutionConfigurationPlatforms) = preSolution
		Debug|Any CPU = Debug|Any CPU
		Release|Any CPU = Release|Any CPU
	EndGlobalSection
	GlobalSection(ProjectConfigurationPlatforms) = postSolution
		{AD472178-29BE-46D3-9C64-68DEEBD25280}.Debug|Any CPU.ActiveCfg = Debug|Any CPU
		{AD472178-29BE-46D3-9C64-68DEEBD25280}.Debug|Any CPU.Build.0 = Debug|Any CPU
		{AD472178-29BE-46D3-9C64-68DEEBD25280}.Release|Any CPU.ActiveCfg = Release|Any CPU
		{AD472178-29BE-46D3-9C64-68DEEBD25280}.Release|Any CPU.Build.0 = Release|Any CPU
	EndGlobalSection
	GlobalSection(SolutionProperties) = preSolution
		HideSolutionNode = FALSE
	EndGlobalSection
	GlobalSection(ExtensibilityGlobals) = postSolution
		SolutionGuid = {90C79DC9-E555-4B46-B507-2F1BAE3CCDB6}
	EndGlobalSection
EndGlobal
